
Microsoft Visual Studio Solution File, Format Version 12.00
# Visual Studio Version 16
VisualStudioVersion = 16.0.31729.503
MinimumVisualStudioVersion = 10.0.40219.1
Project("{9A19103F-16F7-4668-BE54-9A1E7A4F7556}") = "MailSendTest", "MailSendTest\MailSendTest.csproj", "{6B30C50E-D98D-4BDE-B114-1F791CBA62AA}"
EndProject
Project("{9A19103F-16F7-4668-BE54-9A1E7A4F7556}") = "Utilites", "Utilites\Utilites.csproj", "{5D25FF8C-3E5E-4F22-9559-6774673D2B25}"
EndProject
Project("{9A19103F-16F7-4668-BE54-9A1E7A4F7556}") = "LibControls", "LibControls\LibControls.csproj", "{9BDBDBCC-2526-4831-9777-C292DE4F315D}"
EndProject
Project("{2150E333-8FDC-42A3-9474-1A3956D46DE8}") = "UnitTests", "UnitTests", "{BAB19150-95B5-419C-B511-3FB9E7ADB98B}"
EndProject
Project("{9A19103F-16F7-4668-BE54-9A1E7A4F7556}") = "UnitTestForSumExample", "UnitTestForSumExample\UnitTestForSumExample.csproj", "{A4C16ADF-FE87-4F6F-B47E-DD5C31EB7456}"
EndProject
Project("{9A19103F-16F7-4668-BE54-9A1E7A4F7556}") = "SumExampleForUnitTests", "SumExampleForUnitTests\SumExampleForUnitTests.csproj", "{C5AE1FF2-CA2B-4ECD-AF54-D7ED7FAB49EA}"
EndProject
Project("{2150E333-8FDC-42A3-9474-1A3956D46DE8}") = "Lesson5", "Lesson5", "{63861BEE-F6C3-40E1-8294-506AA0D74E12}"
EndProject
Project("{9A19103F-16F7-4668-BE54-9A1E7A4F7556}") = "List01", "List01\List01.csproj", "{FD40FBF4-EE33-4F2D-9962-3458EC90CB70}"
EndProject
Project("{9A19103F-16F7-4668-BE54-9A1E7A4F7556}") = "List02", "List02\List02.csproj", "{5F8B01C1-B84A-442F-A306-BA663B7D3210}"
EndProject
Project("{9A19103F-16F7-4668-BE54-9A1E7A4F7556}") = "List03", "List03\List03.csproj", "{C9CD1FBB-3C43-4FAF-A680-4E79D8A986F9}"
EndProject
Project("{9A19103F-16F7-4668-BE54-9A1E7A4F7556}") = "List04", "List04\List04.csproj", "{BA38A19E-E63D-4885-9DCD-9323517CF206}"
EndProject
Project("{9A19103F-16F7-4668-BE54-9A1E7A4F7556}") = "List05", "List05\List05.csproj", "{F926802E-5953-47CE-90A6-0AAA16EEDD9D}"
EndProject
Project("{9A19103F-16F7-4668-BE54-9A1E7A4F7556}") = "List06", "List06\List06.csproj", "{348D44BB-2F1C-459B-ACED-CD1446B4F9AA}"
EndProject
Project("{9A19103F-16F7-4668-BE54-9A1E7A4F7556}") = "List06_2", "List06_2\List06_2.csproj", "{DDB165D6-3EA7-4CF7-886F-304BA427F74A}"
EndProject
Project("{9A19103F-16F7-4668-BE54-9A1E7A4F7556}") = "List08", "List08\List08.csproj", "{9C5BC20A-C3F5-4B68-BFB1-35B6F16F7C90}"
EndProject
Project("{2150E333-8FDC-42A3-9474-1A3956D46DE8}") = "Lesson6", "Lesson6", "{F69DB97C-8977-41D6-B5CF-8F6D0EA007A2}"
EndProject
Project("{FAE04EC0-301F-11D3-BF4B-00C04F79EFBC}") = "TaskExample0010", "TaskExample0010\TaskExample0010.csproj", "{032D098E-4B45-457D-94E9-FA92F79B7668}"
EndProject
Project("{FAE04EC0-301F-11D3-BF4B-00C04F79EFBC}") = "TaskExample0020", "TaskExample0020\TaskExample0020.csproj", "{559F8F51-C2F0-4406-A0ED-6EEA1A72743D}"
EndProject
Project("{FAE04EC0-301F-11D3-BF4B-00C04F79EFBC}") = "TaskExample0030", "TaskExample0030\TaskExample0030.csproj", "{F05BF008-1420-4A62-899B-BF8A5E8EEB7C}"
EndProject
Project("{FAE04EC0-301F-11D3-BF4B-00C04F79EFBC}") = "TaskExample0040", "TaskExample0040\TaskExample0040.csproj", "{99D9F1FC-BE32-4156-9E44-88BBEDEDCB57}"
EndProject
Project("{FAE04EC0-301F-11D3-BF4B-00C04F79EFBC}") = "TaskExample0050", "TaskExample0050\TaskExample0050.csproj", "{135647C2-17F5-4F14-84BE-59E48AD9725B}"
EndProject
Project("{FAE04EC0-301F-11D3-BF4B-00C04F79EFBC}") = "TaskExample0060", "TaskExample0060\TaskExample0060.csproj", "{61056F31-2627-41F5-A4DD-05627DC734B9}"
EndProject
Project("{FAE04EC0-301F-11D3-BF4B-00C04F79EFBC}") = "TaskExample0070", "TaskExample0070\TaskExample0070.csproj", "{3D794F0B-6B5E-4C82-BF2D-E1934518B141}"
EndProject
Project("{FAE04EC0-301F-11D3-BF4B-00C04F79EFBC}") = "TaskExample0080", "TaskExample0080\TaskExample0080.csproj", "{F56B90E6-B08F-4A20-ABC3-39214FE0C068}"
EndProject
Project("{2150E333-8FDC-42A3-9474-1A3956D46DE8}") = "Tasks", "Tasks", "{39028EDA-B0F0-4E09-B9CF-5EB4C562FC1A}"
EndProject
Project("{2150E333-8FDC-42A3-9474-1A3956D46DE8}") = "Parallel", "Parallel", "{5ADE663D-7AB7-414C-BDBD-D2812FBA7DBA}"
EndProject
Project("{FAE04EC0-301F-11D3-BF4B-00C04F79EFBC}") = "Parallel0010", "Parallel0010\Parallel0010.csproj", "{35FBACD7-E183-4EBC-A532-D9AEB0A43A4E}"
EndProject
Project("{FAE04EC0-301F-11D3-BF4B-00C04F79EFBC}") = "Parallel0020", "Parallel0020\Parallel0020.csproj", "{68F3D69C-898C-433A-BCBD-3DA197E2C447}"
EndProject
Project("{FAE04EC0-301F-11D3-BF4B-00C04F79EFBC}") = "Parallel0030", "Parallel0030\Parallel0030.csproj", "{3C635BC7-AE0D-4E6C-8B14-FD5EDA0EB598}"
EndProject
Project("{FAE04EC0-301F-11D3-BF4B-00C04F79EFBC}") = "Parallel040", "Parallel040\Parallel040.csproj", "{329CF113-F87F-4A61-ACC2-AFC4AD56937C}"
EndProject
Project("{2150E333-8FDC-42A3-9474-1A3956D46DE8}") = "Async", "Async", "{82D92871-3811-4A63-B33A-7F75B5DB99AF}"
EndProject
Project("{FAE04EC0-301F-11D3-BF4B-00C04F79EFBC}") = "AsyncSimplestExample", "AsyncSimplestExample\AsyncSimplestExample.csproj", "{21545954-2D81-4764-8E38-8C298DB55099}"
EndProject
Project("{FAE04EC0-301F-11D3-BF4B-00C04F79EFBC}") = "WPF_Async", "WPF_Async\WPF_Async.csproj", "{CD6AD8B8-FB9D-41A7-9292-64D04EBA598B}"
EndProject
Global
	GlobalSection(SolutionConfigurationPlatforms) = preSolution
		Debug|Any CPU = Debug|Any CPU
		Release|Any CPU = Release|Any CPU
	EndGlobalSection
	GlobalSection(ProjectConfigurationPlatforms) = postSolution
		{6B30C50E-D98D-4BDE-B114-1F791CBA62AA}.Debug|Any CPU.ActiveCfg = Debug|Any CPU
		{6B30C50E-D98D-4BDE-B114-1F791CBA62AA}.Debug|Any CPU.Build.0 = Debug|Any CPU
		{6B30C50E-D98D-4BDE-B114-1F791CBA62AA}.Release|Any CPU.ActiveCfg = Release|Any CPU
		{6B30C50E-D98D-4BDE-B114-1F791CBA62AA}.Release|Any CPU.Build.0 = Release|Any CPU
		{5D25FF8C-3E5E-4F22-9559-6774673D2B25}.Debug|Any CPU.ActiveCfg = Debug|Any CPU
		{5D25FF8C-3E5E-4F22-9559-6774673D2B25}.Debug|Any CPU.Build.0 = Debug|Any CPU
		{5D25FF8C-3E5E-4F22-9559-6774673D2B25}.Release|Any CPU.ActiveCfg = Release|Any CPU
		{5D25FF8C-3E5E-4F22-9559-6774673D2B25}.Release|Any CPU.Build.0 = Release|Any CPU
		{9BDBDBCC-2526-4831-9777-C292DE4F315D}.Debug|Any CPU.ActiveCfg = Debug|Any CPU
		{9BDBDBCC-2526-4831-9777-C292DE4F315D}.Debug|Any CPU.Build.0 = Debug|Any CPU
		{9BDBDBCC-2526-4831-9777-C292DE4F315D}.Release|Any CPU.ActiveCfg = Release|Any CPU
		{9BDBDBCC-2526-4831-9777-C292DE4F315D}.Release|Any CPU.Build.0 = Release|Any CPU
		{A4C16ADF-FE87-4F6F-B47E-DD5C31EB7456}.Debug|Any CPU.ActiveCfg = Debug|Any CPU
		{A4C16ADF-FE87-4F6F-B47E-DD5C31EB7456}.Debug|Any CPU.Build.0 = Debug|Any CPU
		{A4C16ADF-FE87-4F6F-B47E-DD5C31EB7456}.Release|Any CPU.ActiveCfg = Release|Any CPU
		{A4C16ADF-FE87-4F6F-B47E-DD5C31EB7456}.Release|Any CPU.Build.0 = Release|Any CPU
		{C5AE1FF2-CA2B-4ECD-AF54-D7ED7FAB49EA}.Debug|Any CPU.ActiveCfg = Debug|Any CPU
		{C5AE1FF2-CA2B-4ECD-AF54-D7ED7FAB49EA}.Debug|Any CPU.Build.0 = Debug|Any CPU
		{C5AE1FF2-CA2B-4ECD-AF54-D7ED7FAB49EA}.Release|Any CPU.ActiveCfg = Release|Any CPU
		{C5AE1FF2-CA2B-4ECD-AF54-D7ED7FAB49EA}.Release|Any CPU.Build.0 = Release|Any CPU
		{FD40FBF4-EE33-4F2D-9962-3458EC90CB70}.Debug|Any CPU.ActiveCfg = Debug|Any CPU
		{FD40FBF4-EE33-4F2D-9962-3458EC90CB70}.Debug|Any CPU.Build.0 = Debug|Any CPU
		{FD40FBF4-EE33-4F2D-9962-3458EC90CB70}.Release|Any CPU.ActiveCfg = Release|Any CPU
		{FD40FBF4-EE33-4F2D-9962-3458EC90CB70}.Release|Any CPU.Build.0 = Release|Any CPU
		{5F8B01C1-B84A-442F-A306-BA663B7D3210}.Debug|Any CPU.ActiveCfg = Debug|Any CPU
		{5F8B01C1-B84A-442F-A306-BA663B7D3210}.Debug|Any CPU.Build.0 = Debug|Any CPU
		{5F8B01C1-B84A-442F-A306-BA663B7D3210}.Release|Any CPU.ActiveCfg = Release|Any CPU
		{5F8B01C1-B84A-442F-A306-BA663B7D3210}.Release|Any CPU.Build.0 = Release|Any CPU
		{C9CD1FBB-3C43-4FAF-A680-4E79D8A986F9}.Debug|Any CPU.ActiveCfg = Debug|Any CPU
		{C9CD1FBB-3C43-4FAF-A680-4E79D8A986F9}.Debug|Any CPU.Build.0 = Debug|Any CPU
		{C9CD1FBB-3C43-4FAF-A680-4E79D8A986F9}.Release|Any CPU.ActiveCfg = Release|Any CPU
		{C9CD1FBB-3C43-4FAF-A680-4E79D8A986F9}.Release|Any CPU.Build.0 = Release|Any CPU
		{BA38A19E-E63D-4885-9DCD-9323517CF206}.Debug|Any CPU.ActiveCfg = Debug|Any CPU
		{BA38A19E-E63D-4885-9DCD-9323517CF206}.Debug|Any CPU.Build.0 = Debug|Any CPU
		{BA38A19E-E63D-4885-9DCD-9323517CF206}.Release|Any CPU.ActiveCfg = Release|Any CPU
		{BA38A19E-E63D-4885-9DCD-9323517CF206}.Release|Any CPU.Build.0 = Release|Any CPU
		{F926802E-5953-47CE-90A6-0AAA16EEDD9D}.Debug|Any CPU.ActiveCfg = Debug|Any CPU
		{F926802E-5953-47CE-90A6-0AAA16EEDD9D}.Debug|Any CPU.Build.0 = Debug|Any CPU
		{F926802E-5953-47CE-90A6-0AAA16EEDD9D}.Release|Any CPU.ActiveCfg = Release|Any CPU
		{F926802E-5953-47CE-90A6-0AAA16EEDD9D}.Release|Any CPU.Build.0 = Release|Any CPU
		{348D44BB-2F1C-459B-ACED-CD1446B4F9AA}.Debug|Any CPU.ActiveCfg = Debug|Any CPU
		{348D44BB-2F1C-459B-ACED-CD1446B4F9AA}.Debug|Any CPU.Build.0 = Debug|Any CPU
		{348D44BB-2F1C-459B-ACED-CD1446B4F9AA}.Release|Any CPU.ActiveCfg = Release|Any CPU
		{348D44BB-2F1C-459B-ACED-CD1446B4F9AA}.Release|Any CPU.Build.0 = Release|Any CPU
		{DDB165D6-3EA7-4CF7-886F-304BA427F74A}.Debug|Any CPU.ActiveCfg = Debug|Any CPU
		{DDB165D6-3EA7-4CF7-886F-304BA427F74A}.Debug|Any CPU.Build.0 = Debug|Any CPU
		{DDB165D6-3EA7-4CF7-886F-304BA427F74A}.Release|Any CPU.ActiveCfg = Release|Any CPU
		{DDB165D6-3EA7-4CF7-886F-304BA427F74A}.Release|Any CPU.Build.0 = Release|Any CPU
		{9C5BC20A-C3F5-4B68-BFB1-35B6F16F7C90}.Debug|Any CPU.ActiveCfg = Debug|Any CPU
		{9C5BC20A-C3F5-4B68-BFB1-35B6F16F7C90}.Debug|Any CPU.Build.0 = Debug|Any CPU
		{9C5BC20A-C3F5-4B68-BFB1-35B6F16F7C90}.Release|Any CPU.ActiveCfg = Release|Any CPU
		{9C5BC20A-C3F5-4B68-BFB1-35B6F16F7C90}.Release|Any CPU.Build.0 = Release|Any CPU
		{032D098E-4B45-457D-94E9-FA92F79B7668}.Debug|Any CPU.ActiveCfg = Debug|Any CPU
		{032D098E-4B45-457D-94E9-FA92F79B7668}.Debug|Any CPU.Build.0 = Debug|Any CPU
		{032D098E-4B45-457D-94E9-FA92F79B7668}.Release|Any CPU.ActiveCfg = Release|Any CPU
		{032D098E-4B45-457D-94E9-FA92F79B7668}.Release|Any CPU.Build.0 = Release|Any CPU
		{559F8F51-C2F0-4406-A0ED-6EEA1A72743D}.Debug|Any CPU.ActiveCfg = Debug|Any CPU
		{559F8F51-C2F0-4406-A0ED-6EEA1A72743D}.Debug|Any CPU.Build.0 = Debug|Any CPU
		{559F8F51-C2F0-4406-A0ED-6EEA1A72743D}.Release|Any CPU.ActiveCfg = Release|Any CPU
		{559F8F51-C2F0-4406-A0ED-6EEA1A72743D}.Release|Any CPU.Build.0 = Release|Any CPU
		{F05BF008-1420-4A62-899B-BF8A5E8EEB7C}.Debug|Any CPU.ActiveCfg = Debug|Any CPU
		{F05BF008-1420-4A62-899B-BF8A5E8EEB7C}.Debug|Any CPU.Build.0 = Debug|Any CPU
		{F05BF008-1420-4A62-899B-BF8A5E8EEB7C}.Release|Any CPU.ActiveCfg = Release|Any CPU
		{F05BF008-1420-4A62-899B-BF8A5E8EEB7C}.Release|Any CPU.Build.0 = Release|Any CPU
		{99D9F1FC-BE32-4156-9E44-88BBEDEDCB57}.Debug|Any CPU.ActiveCfg = Debug|Any CPU
		{99D9F1FC-BE32-4156-9E44-88BBEDEDCB57}.Debug|Any CPU.Build.0 = Debug|Any CPU
		{99D9F1FC-BE32-4156-9E44-88BBEDEDCB57}.Release|Any CPU.ActiveCfg = Release|Any CPU
		{99D9F1FC-BE32-4156-9E44-88BBEDEDCB57}.Release|Any CPU.Build.0 = Release|Any CPU
		{135647C2-17F5-4F14-84BE-59E48AD9725B}.Debug|Any CPU.ActiveCfg = Debug|Any CPU
		{135647C2-17F5-4F14-84BE-59E48AD9725B}.Debug|Any CPU.Build.0 = Debug|Any CPU
		{135647C2-17F5-4F14-84BE-59E48AD9725B}.Release|Any CPU.ActiveCfg = Release|Any CPU
		{135647C2-17F5-4F14-84BE-59E48AD9725B}.Release|Any CPU.Build.0 = Release|Any CPU
		{61056F31-2627-41F5-A4DD-05627DC734B9}.Debug|Any CPU.ActiveCfg = Debug|Any CPU
		{61056F31-2627-41F5-A4DD-05627DC734B9}.Debug|Any CPU.Build.0 = Debug|Any CPU
		{61056F31-2627-41F5-A4DD-05627DC734B9}.Release|Any CPU.ActiveCfg = Release|Any CPU
		{61056F31-2627-41F5-A4DD-05627DC734B9}.Release|Any CPU.Build.0 = Release|Any CPU
		{3D794F0B-6B5E-4C82-BF2D-E1934518B141}.Debug|Any CPU.ActiveCfg = Debug|Any CPU
		{3D794F0B-6B5E-4C82-BF2D-E1934518B141}.Debug|Any CPU.Build.0 = Debug|Any CPU
		{3D794F0B-6B5E-4C82-BF2D-E1934518B141}.Release|Any CPU.ActiveCfg = Release|Any CPU
		{3D794F0B-6B5E-4C82-BF2D-E1934518B141}.Release|Any CPU.Build.0 = Release|Any CPU
		{F56B90E6-B08F-4A20-ABC3-39214FE0C068}.Debug|Any CPU.ActiveCfg = Debug|Any CPU
		{F56B90E6-B08F-4A20-ABC3-39214FE0C068}.Debug|Any CPU.Build.0 = Debug|Any CPU
		{F56B90E6-B08F-4A20-ABC3-39214FE0C068}.Release|Any CPU.ActiveCfg = Release|Any CPU
		{F56B90E6-B08F-4A20-ABC3-39214FE0C068}.Release|Any CPU.Build.0 = Release|Any CPU
		{35FBACD7-E183-4EBC-A532-D9AEB0A43A4E}.Debug|Any CPU.ActiveCfg = Debug|Any CPU
		{35FBACD7-E183-4EBC-A532-D9AEB0A43A4E}.Debug|Any CPU.Build.0 = Debug|Any CPU
		{35FBACD7-E183-4EBC-A532-D9AEB0A43A4E}.Release|Any CPU.ActiveCfg = Release|Any CPU
		{35FBACD7-E183-4EBC-A532-D9AEB0A43A4E}.Release|Any CPU.Build.0 = Release|Any CPU
		{68F3D69C-898C-433A-BCBD-3DA197E2C447}.Debug|Any CPU.ActiveCfg = Debug|Any CPU
		{68F3D69C-898C-433A-BCBD-3DA197E2C447}.Debug|Any CPU.Build.0 = Debug|Any CPU
		{68F3D69C-898C-433A-BCBD-3DA197E2C447}.Release|Any CPU.ActiveCfg = Release|Any CPU
		{68F3D69C-898C-433A-BCBD-3DA197E2C447}.Release|Any CPU.Build.0 = Release|Any CPU
		{3C635BC7-AE0D-4E6C-8B14-FD5EDA0EB598}.Debug|Any CPU.ActiveCfg = Debug|Any CPU
		{3C635BC7-AE0D-4E6C-8B14-FD5EDA0EB598}.Debug|Any CPU.Build.0 = Debug|Any CPU
		{3C635BC7-AE0D-4E6C-8B14-FD5EDA0EB598}.Release|Any CPU.ActiveCfg = Release|Any CPU
		{3C635BC7-AE0D-4E6C-8B14-FD5EDA0EB598}.Release|Any CPU.Build.0 = Release|Any CPU
		{329CF113-F87F-4A61-ACC2-AFC4AD56937C}.Debug|Any CPU.ActiveCfg = Debug|Any CPU
		{329CF113-F87F-4A61-ACC2-AFC4AD56937C}.Debug|Any CPU.Build.0 = Debug|Any CPU
		{329CF113-F87F-4A61-ACC2-AFC4AD56937C}.Release|Any CPU.ActiveCfg = Release|Any CPU
		{329CF113-F87F-4A61-ACC2-AFC4AD56937C}.Release|Any CPU.Build.0 = Release|Any CPU
		{21545954-2D81-4764-8E38-8C298DB55099}.Debug|Any CPU.ActiveCfg = Debug|Any CPU
		{21545954-2D81-4764-8E38-8C298DB55099}.Debug|Any CPU.Build.0 = Debug|Any CPU
		{21545954-2D81-4764-8E38-8C298DB55099}.Release|Any CPU.ActiveCfg = Release|Any CPU
		{21545954-2D81-4764-8E38-8C298DB55099}.Release|Any CPU.Build.0 = Release|Any CPU
		{CD6AD8B8-FB9D-41A7-9292-64D04EBA598B}.Debug|Any CPU.ActiveCfg = Debug|Any CPU
		{CD6AD8B8-FB9D-41A7-9292-64D04EBA598B}.Debug|Any CPU.Build.0 = Debug|Any CPU
		{CD6AD8B8-FB9D-41A7-9292-64D04EBA598B}.Release|Any CPU.ActiveCfg = Release|Any CPU
		{CD6AD8B8-FB9D-41A7-9292-64D04EBA598B}.Release|Any CPU.Build.0 = Release|Any CPU
	EndGlobalSection
	GlobalSection(SolutionProperties) = preSolution
		HideSolutionNode = FALSE
	EndGlobalSection
	GlobalSection(NestedProjects) = preSolution
		{A4C16ADF-FE87-4F6F-B47E-DD5C31EB7456} = {BAB19150-95B5-419C-B511-3FB9E7ADB98B}
		{C5AE1FF2-CA2B-4ECD-AF54-D7ED7FAB49EA} = {BAB19150-95B5-419C-B511-3FB9E7ADB98B}
		{FD40FBF4-EE33-4F2D-9962-3458EC90CB70} = {63861BEE-F6C3-40E1-8294-506AA0D74E12}
		{5F8B01C1-B84A-442F-A306-BA663B7D3210} = {63861BEE-F6C3-40E1-8294-506AA0D74E12}
		{F926802E-5953-47CE-90A6-0AAA16EEDD9D} = {63861BEE-F6C3-40E1-8294-506AA0D74E12}
		{348D44BB-2F1C-459B-ACED-CD1446B4F9AA} = {63861BEE-F6C3-40E1-8294-506AA0D74E12}
		{DDB165D6-3EA7-4CF7-886F-304BA427F74A} = {63861BEE-F6C3-40E1-8294-506AA0D74E12}
		{9C5BC20A-C3F5-4B68-BFB1-35B6F16F7C90} = {63861BEE-F6C3-40E1-8294-506AA0D74E12}
		{032D098E-4B45-457D-94E9-FA92F79B7668} = {39028EDA-B0F0-4E09-B9CF-5EB4C562FC1A}
		{559F8F51-C2F0-4406-A0ED-6EEA1A72743D} = {39028EDA-B0F0-4E09-B9CF-5EB4C562FC1A}
		{F05BF008-1420-4A62-899B-BF8A5E8EEB7C} = {39028EDA-B0F0-4E09-B9CF-5EB4C562FC1A}
		{99D9F1FC-BE32-4156-9E44-88BBEDEDCB57} = {39028EDA-B0F0-4E09-B9CF-5EB4C562FC1A}
		{135647C2-17F5-4F14-84BE-59E48AD9725B} = {39028EDA-B0F0-4E09-B9CF-5EB4C562FC1A}
		{61056F31-2627-41F5-A4DD-05627DC734B9} = {39028EDA-B0F0-4E09-B9CF-5EB4C562FC1A}
		{3D794F0B-6B5E-4C82-BF2D-E1934518B141} = {39028EDA-B0F0-4E09-B9CF-5EB4C562FC1A}
		{F56B90E6-B08F-4A20-ABC3-39214FE0C068} = {39028EDA-B0F0-4E09-B9CF-5EB4C562FC1A}
		{39028EDA-B0F0-4E09-B9CF-5EB4C562FC1A} = {F69DB97C-8977-41D6-B5CF-8F6D0EA007A2}
		{5ADE663D-7AB7-414C-BDBD-D2812FBA7DBA} = {F69DB97C-8977-41D6-B5CF-8F6D0EA007A2}
		{35FBACD7-E183-4EBC-A532-D9AEB0A43A4E} = {5ADE663D-7AB7-414C-BDBD-D2812FBA7DBA}
		{68F3D69C-898C-433A-BCBD-3DA197E2C447} = {5ADE663D-7AB7-414C-BDBD-D2812FBA7DBA}
		{3C635BC7-AE0D-4E6C-8B14-FD5EDA0EB598} = {5ADE663D-7AB7-414C-BDBD-D2812FBA7DBA}
		{329CF113-F87F-4A61-ACC2-AFC4AD56937C} = {5ADE663D-7AB7-414C-BDBD-D2812FBA7DBA}
		{82D92871-3811-4A63-B33A-7F75B5DB99AF} = {F69DB97C-8977-41D6-B5CF-8F6D0EA007A2}
		{21545954-2D81-4764-8E38-8C298DB55099} = {82D92871-3811-4A63-B33A-7F75B5DB99AF}
		{CD6AD8B8-FB9D-41A7-9292-64D04EBA598B} = {82D92871-3811-4A63-B33A-7F75B5DB99AF}
	EndGlobalSection
	GlobalSection(ExtensibilityGlobals) = postSolution
		SolutionGuid = {280343E8-5F79-43D7-9AAE-53FA06A60313}
	EndGlobalSection
EndGlobal
