
Microsoft Visual Studio Solution File, Format Version 12.00
# Visual Studio Version 16
VisualStudioVersion = 16.0.31729.503
MinimumVisualStudioVersion = 10.0.40219.1
Project("{9A19103F-16F7-4668-BE54-9A1E7A4F7556}") = "MailSendTest", "MailSendTest\MailSendTest.csproj", "{6B30C50E-D98D-4BDE-B114-1F791CBA62AA}"
EndProject
Project("{9A19103F-16F7-4668-BE54-9A1E7A4F7556}") = "Utilites", "Utilites\Utilites.csproj", "{5D25FF8C-3E5E-4F22-9559-6774673D2B25}"
EndProject
Project("{9A19103F-16F7-4668-BE54-9A1E7A4F7556}") = "LibControls", "LibControls\LibControls.csproj", "{9BDBDBCC-2526-4831-9777-C292DE4F315D}"
EndProject
Project("{2150E333-8FDC-42A3-9474-1A3956D46DE8}") = "UnitTests", "UnitTests", "{BAB19150-95B5-419C-B511-3FB9E7ADB98B}"
EndProject
Project("{FAE04EC0-301F-11D3-BF4B-00C04F79EFBC}") = "UnitTestForSumExample", "UnitTestForSumExample\UnitTestForSumExample.csproj", "{A4C16ADF-FE87-4F6F-B47E-DD5C31EB7456}"
EndProject
Project("{FAE04EC0-301F-11D3-BF4B-00C04F79EFBC}") = "SumExampleForUnitTests", "SumExampleForUnitTests\SumExampleForUnitTests.csproj", "{C5AE1FF2-CA2B-4ECD-AF54-D7ED7FAB49EA}"
EndProject
Global
	GlobalSection(SolutionConfigurationPlatforms) = preSolution
		Debug|Any CPU = Debug|Any CPU
		Release|Any CPU = Release|Any CPU
	EndGlobalSection
	GlobalSection(ProjectConfigurationPlatforms) = postSolution
		{6B30C50E-D98D-4BDE-B114-1F791CBA62AA}.Debug|Any CPU.ActiveCfg = Debug|Any CPU
		{6B30C50E-D98D-4BDE-B114-1F791CBA62AA}.Debug|Any CPU.Build.0 = Debug|Any CPU
		{6B30C50E-D98D-4BDE-B114-1F791CBA62AA}.Release|Any CPU.ActiveCfg = Release|Any CPU
		{6B30C50E-D98D-4BDE-B114-1F791CBA62AA}.Release|Any CPU.Build.0 = Release|Any CPU
		{5D25FF8C-3E5E-4F22-9559-6774673D2B25}.Debug|Any CPU.ActiveCfg = Debug|Any CPU
		{5D25FF8C-3E5E-4F22-9559-6774673D2B25}.Debug|Any CPU.Build.0 = Debug|Any CPU
		{5D25FF8C-3E5E-4F22-9559-6774673D2B25}.Release|Any CPU.ActiveCfg = Release|Any CPU
		{5D25FF8C-3E5E-4F22-9559-6774673D2B25}.Release|Any CPU.Build.0 = Release|Any CPU
		{9BDBDBCC-2526-4831-9777-C292DE4F315D}.Debug|Any CPU.ActiveCfg = Debug|Any CPU
		{9BDBDBCC-2526-4831-9777-C292DE4F315D}.Debug|Any CPU.Build.0 = Debug|Any CPU
		{9BDBDBCC-2526-4831-9777-C292DE4F315D}.Release|Any CPU.ActiveCfg = Release|Any CPU
		{9BDBDBCC-2526-4831-9777-C292DE4F315D}.Release|Any CPU.Build.0 = Release|Any CPU
		{A4C16ADF-FE87-4F6F-B47E-DD5C31EB7456}.Debug|Any CPU.ActiveCfg = Debug|Any CPU
		{A4C16ADF-FE87-4F6F-B47E-DD5C31EB7456}.Debug|Any CPU.Build.0 = Debug|Any CPU
		{A4C16ADF-FE87-4F6F-B47E-DD5C31EB7456}.Release|Any CPU.ActiveCfg = Release|Any CPU
		{A4C16ADF-FE87-4F6F-B47E-DD5C31EB7456}.Release|Any CPU.Build.0 = Release|Any CPU
		{C5AE1FF2-CA2B-4ECD-AF54-D7ED7FAB49EA}.Debug|Any CPU.ActiveCfg = Debug|Any CPU
		{C5AE1FF2-CA2B-4ECD-AF54-D7ED7FAB49EA}.Debug|Any CPU.Build.0 = Debug|Any CPU
		{C5AE1FF2-CA2B-4ECD-AF54-D7ED7FAB49EA}.Release|Any CPU.ActiveCfg = Release|Any CPU
		{C5AE1FF2-CA2B-4ECD-AF54-D7ED7FAB49EA}.Release|Any CPU.Build.0 = Release|Any CPU
	EndGlobalSection
	GlobalSection(SolutionProperties) = preSolution
		HideSolutionNode = FALSE
	EndGlobalSection
	GlobalSection(NestedProjects) = preSolution
		{A4C16ADF-FE87-4F6F-B47E-DD5C31EB7456} = {BAB19150-95B5-419C-B511-3FB9E7ADB98B}
		{C5AE1FF2-CA2B-4ECD-AF54-D7ED7FAB49EA} = {BAB19150-95B5-419C-B511-3FB9E7ADB98B}
	EndGlobalSection
	GlobalSection(ExtensibilityGlobals) = postSolution
		SolutionGuid = {280343E8-5F79-43D7-9AAE-53FA06A60313}
	EndGlobalSection
EndGlobal
